
Microsoft Visual Studio Solution File, Format Version 12.00
# Visual Studio Version 17
VisualStudioVersion = 17.11.35327.3
MinimumVisualStudioVersion = 10.0.40219.1
Project("{FAE04EC0-301F-11D3-BF4B-00C04F79EFBC}") = "convertpixel", "convertpixel.csproj", "{A4295CB4-3785-4BC0-BBA5-DF01C086C97D}"
EndProject
Global
	GlobalSection(SolutionConfigurationPlatforms) = preSolution
		Debug|Any CPU = Debug|Any CPU
		Release|Any CPU = Release|Any CPU
	EndGlobalSection
	GlobalSection(ProjectConfigurationPlatforms) = postSolution
		{A4295CB4-3785-4BC0-BBA5-DF01C086C97D}.Debug|Any CPU.ActiveCfg = Debug|Any CPU
		{A4295CB4-3785-4BC0-BBA5-DF01C086C97D}.Debug|Any CPU.Build.0 = Debug|Any CPU
		{A4295CB4-3785-4BC0-BBA5-DF01C086C97D}.Release|Any CPU.ActiveCfg = Release|Any CPU
		{A4295CB4-3785-4BC0-BBA5-DF01C086C97D}.Release|Any CPU.Build.0 = Release|Any CPU
	EndGlobalSection
	GlobalSection(SolutionProperties) = preSolution
		HideSolutionNode = FALSE
	EndGlobalSection
	GlobalSection(ExtensibilityGlobals) = postSolution
		SolutionGuid = {2FB35425-2176-44D1-8D4F-B08E64F653E8}
	EndGlobalSection
EndGlobal
