
Microsoft Visual Studio Solution File, Format Version 12.00
# Visual Studio Version 17
VisualStudioVersion = 17.11.35327.3
MinimumVisualStudioVersion = 10.0.40219.1
Project("{8BC9CEB8-8B4A-11D0-8D11-00A0C91BC942}") = "Star", "Star.vcxproj", "{A8F608B2-0614-4A36-A604-1E454171DC93}"
EndProject
Global
	GlobalSection(SolutionConfigurationPlatforms) = preSolution
		Debug|x64 = Debug|x64
		Debug|x86 = Debug|x86
		Release|x64 = Release|x64
		Release|x86 = Release|x86
	EndGlobalSection
	GlobalSection(ProjectConfigurationPlatforms) = postSolution
		{A8F608B2-0614-4A36-A604-1E454171DC93}.Debug|x64.ActiveCfg = Debug|x64
		{A8F608B2-0614-4A36-A604-1E454171DC93}.Debug|x64.Build.0 = Debug|x64
		{A8F608B2-0614-4A36-A604-1E454171DC93}.Debug|x86.ActiveCfg = Debug|Win32
		{A8F608B2-0614-4A36-A604-1E454171DC93}.Debug|x86.Build.0 = Debug|Win32
		{A8F608B2-0614-4A36-A604-1E454171DC93}.Release|x64.ActiveCfg = Release|x64
		{A8F608B2-0614-4A36-A604-1E454171DC93}.Release|x64.Build.0 = Release|x64
		{A8F608B2-0614-4A36-A604-1E454171DC93}.Release|x86.ActiveCfg = Release|Win32
		{A8F608B2-0614-4A36-A604-1E454171DC93}.Release|x86.Build.0 = Release|Win32
	EndGlobalSection
	GlobalSection(SolutionProperties) = preSolution
		HideSolutionNode = FALSE
	EndGlobalSection
	GlobalSection(ExtensibilityGlobals) = postSolution
		SolutionGuid = {6301942A-19D5-473B-9DEA-2B73521F77D9}
	EndGlobalSection
EndGlobal
